
Microsoft Visual Studio Solution File, Format Version 11.00
# Visual Studio 2010
Project("{F184B08F-C81C-45F6-A57F-5ABD9991F28F}") = "SQLClue", "SQLClue\SQLClue.vbproj", "{E8F14659-7404-47DC-895F-070B64EAE843}"
	ProjectSection(ProjectDependencies) = postProject
		{02200473-8C67-4DEE-A88F-C3D0EFB88AB4} = {02200473-8C67-4DEE-A88F-C3D0EFB88AB4}
	EndProjectSection
EndProject
Project("{F184B08F-C81C-45F6-A57F-5ABD9991F28F}") = "cCommon", "cCommon\cCommon.vbproj", "{F05EC60E-A3C5-4C18-A205-3195A40DD95F}"
EndProject
Project("{F184B08F-C81C-45F6-A57F-5ABD9991F28F}") = "SQLClueSvc", "SQLClueService\SQLClueSvc.vbproj", "{02200473-8C67-4DEE-A88F-C3D0EFB88AB4}"
EndProject
Project("{54435603-DBB4-11D2-8724-00A0C9A8B90C}") = "SQLClueServiceSetup", "SQLClueServiceSetup\SQLClueServiceSetup.vdproj", "{330A9ADC-C232-4830-87C3-9FB067E9303D}"
EndProject
Project("{54435603-DBB4-11D2-8724-00A0C9A8B90C}") = "SQLClueSetup", "SQLClueConsole\SQLClueConsole.vdproj", "{9DA0A547-204F-4514-8E71-1D1EA10B479F}"
EndProject
Project("{00D1A9C2-B5F0-4AF3-8072-F6C62B433612}") = "SQLClueCLR", "Node\SQLClueCLR.sqlproj", "{B976AE97-7810-471B-9C38-52A05546FC1F}"
EndProject
Project("{F14B399A-7131-4C87-9E4B-1186C45EF12D}") = "ReportServerReports", "SQLClue\ReportServerReports\ReportServerReports.rptproj", "{AA1C6141-5D7E-4303-AC81-AF36095928F1}"
EndProject
Global
	GlobalSection(SolutionConfigurationPlatforms) = preSolution
		Debug|Any CPU = Debug|Any CPU
		DebugLocal|Any CPU = DebugLocal|Any CPU
		Production|Any CPU = Production|Any CPU
		Release|Any CPU = Release|Any CPU
		Description = Runbook and Configuration Change Monitor
	EndGlobalSection
	GlobalSection(ProjectConfigurationPlatforms) = postSolution
		{E8F14659-7404-47DC-895F-070B64EAE843}.Debug|Any CPU.ActiveCfg = Debug|Any CPU
		{E8F14659-7404-47DC-895F-070B64EAE843}.Debug|Any CPU.Build.0 = Debug|Any CPU
		{E8F14659-7404-47DC-895F-070B64EAE843}.DebugLocal|Any CPU.ActiveCfg = Debug|Any CPU
		{E8F14659-7404-47DC-895F-070B64EAE843}.DebugLocal|Any CPU.Build.0 = Debug|Any CPU
		{E8F14659-7404-47DC-895F-070B64EAE843}.Production|Any CPU.ActiveCfg = Release|Any CPU
		{E8F14659-7404-47DC-895F-070B64EAE843}.Production|Any CPU.Build.0 = Release|Any CPU
		{E8F14659-7404-47DC-895F-070B64EAE843}.Release|Any CPU.ActiveCfg = Release|Any CPU
		{E8F14659-7404-47DC-895F-070B64EAE843}.Release|Any CPU.Build.0 = Release|Any CPU
		{F05EC60E-A3C5-4C18-A205-3195A40DD95F}.Debug|Any CPU.ActiveCfg = Debug|Any CPU
		{F05EC60E-A3C5-4C18-A205-3195A40DD95F}.Debug|Any CPU.Build.0 = Debug|Any CPU
		{F05EC60E-A3C5-4C18-A205-3195A40DD95F}.DebugLocal|Any CPU.ActiveCfg = Debug|Any CPU
		{F05EC60E-A3C5-4C18-A205-3195A40DD95F}.DebugLocal|Any CPU.Build.0 = Debug|Any CPU
		{F05EC60E-A3C5-4C18-A205-3195A40DD95F}.Production|Any CPU.ActiveCfg = Release|Any CPU
		{F05EC60E-A3C5-4C18-A205-3195A40DD95F}.Production|Any CPU.Build.0 = Release|Any CPU
		{F05EC60E-A3C5-4C18-A205-3195A40DD95F}.Release|Any CPU.ActiveCfg = Release|Any CPU
		{F05EC60E-A3C5-4C18-A205-3195A40DD95F}.Release|Any CPU.Build.0 = Release|Any CPU
		{02200473-8C67-4DEE-A88F-C3D0EFB88AB4}.Debug|Any CPU.ActiveCfg = Debug|Any CPU
		{02200473-8C67-4DEE-A88F-C3D0EFB88AB4}.Debug|Any CPU.Build.0 = Debug|Any CPU
		{02200473-8C67-4DEE-A88F-C3D0EFB88AB4}.DebugLocal|Any CPU.ActiveCfg = Debug|Any CPU
		{02200473-8C67-4DEE-A88F-C3D0EFB88AB4}.DebugLocal|Any CPU.Build.0 = Debug|Any CPU
		{02200473-8C67-4DEE-A88F-C3D0EFB88AB4}.Production|Any CPU.ActiveCfg = Release|Any CPU
		{02200473-8C67-4DEE-A88F-C3D0EFB88AB4}.Production|Any CPU.Build.0 = Release|Any CPU
		{02200473-8C67-4DEE-A88F-C3D0EFB88AB4}.Release|Any CPU.ActiveCfg = Debug|Any CPU
		{02200473-8C67-4DEE-A88F-C3D0EFB88AB4}.Release|Any CPU.Build.0 = Debug|Any CPU
		{330A9ADC-C232-4830-87C3-9FB067E9303D}.Debug|Any CPU.ActiveCfg = Debug
		{330A9ADC-C232-4830-87C3-9FB067E9303D}.DebugLocal|Any CPU.ActiveCfg = Debug
		{330A9ADC-C232-4830-87C3-9FB067E9303D}.DebugLocal|Any CPU.Build.0 = Debug
		{330A9ADC-C232-4830-87C3-9FB067E9303D}.Production|Any CPU.ActiveCfg = Release
		{330A9ADC-C232-4830-87C3-9FB067E9303D}.Production|Any CPU.Build.0 = Release
		{330A9ADC-C232-4830-87C3-9FB067E9303D}.Release|Any CPU.ActiveCfg = Debug
		{330A9ADC-C232-4830-87C3-9FB067E9303D}.Release|Any CPU.Build.0 = Debug
		{9DA0A547-204F-4514-8E71-1D1EA10B479F}.Debug|Any CPU.ActiveCfg = Debug
		{9DA0A547-204F-4514-8E71-1D1EA10B479F}.DebugLocal|Any CPU.ActiveCfg = Debug
		{9DA0A547-204F-4514-8E71-1D1EA10B479F}.DebugLocal|Any CPU.Build.0 = Debug
		{9DA0A547-204F-4514-8E71-1D1EA10B479F}.Production|Any CPU.ActiveCfg = Release
		{9DA0A547-204F-4514-8E71-1D1EA10B479F}.Production|Any CPU.Build.0 = Release
		{9DA0A547-204F-4514-8E71-1D1EA10B479F}.Release|Any CPU.ActiveCfg = Release
		{9DA0A547-204F-4514-8E71-1D1EA10B479F}.Release|Any CPU.Build.0 = Release
		{B976AE97-7810-471B-9C38-52A05546FC1F}.Debug|Any CPU.ActiveCfg = Debug|Any CPU
		{B976AE97-7810-471B-9C38-52A05546FC1F}.Debug|Any CPU.Build.0 = Debug|Any CPU
		{B976AE97-7810-471B-9C38-52A05546FC1F}.Debug|Any CPU.Deploy.0 = Debug|Any CPU
		{B976AE97-7810-471B-9C38-52A05546FC1F}.DebugLocal|Any CPU.ActiveCfg = Debug|Any CPU
		{B976AE97-7810-471B-9C38-52A05546FC1F}.DebugLocal|Any CPU.Build.0 = Debug|Any CPU
		{B976AE97-7810-471B-9C38-52A05546FC1F}.DebugLocal|Any CPU.Deploy.0 = Debug|Any CPU
		{B976AE97-7810-471B-9C38-52A05546FC1F}.Production|Any CPU.ActiveCfg = Release|Any CPU
		{B976AE97-7810-471B-9C38-52A05546FC1F}.Production|Any CPU.Build.0 = Release|Any CPU
		{B976AE97-7810-471B-9C38-52A05546FC1F}.Production|Any CPU.Deploy.0 = Release|Any CPU
		{B976AE97-7810-471B-9C38-52A05546FC1F}.Release|Any CPU.ActiveCfg = Release|Any CPU
		{B976AE97-7810-471B-9C38-52A05546FC1F}.Release|Any CPU.Build.0 = Release|Any CPU
		{B976AE97-7810-471B-9C38-52A05546FC1F}.Release|Any CPU.Deploy.0 = Release|Any CPU
		{AA1C6141-5D7E-4303-AC81-AF36095928F1}.Debug|Any CPU.ActiveCfg = DebugLocal
		{AA1C6141-5D7E-4303-AC81-AF36095928F1}.Debug|Any CPU.Build.0 = DebugLocal
		{AA1C6141-5D7E-4303-AC81-AF36095928F1}.Debug|Any CPU.Deploy.0 = DebugLocal
		{AA1C6141-5D7E-4303-AC81-AF36095928F1}.DebugLocal|Any CPU.ActiveCfg = DebugLocal
		{AA1C6141-5D7E-4303-AC81-AF36095928F1}.DebugLocal|Any CPU.Build.0 = DebugLocal
		{AA1C6141-5D7E-4303-AC81-AF36095928F1}.DebugLocal|Any CPU.Deploy.0 = DebugLocal
		{AA1C6141-5D7E-4303-AC81-AF36095928F1}.Production|Any CPU.ActiveCfg = Production
		{AA1C6141-5D7E-4303-AC81-AF36095928F1}.Production|Any CPU.Build.0 = Production
		{AA1C6141-5D7E-4303-AC81-AF36095928F1}.Production|Any CPU.Deploy.0 = Production
		{AA1C6141-5D7E-4303-AC81-AF36095928F1}.Release|Any CPU.ActiveCfg = Production
		{AA1C6141-5D7E-4303-AC81-AF36095928F1}.Release|Any CPU.Build.0 = Production
		{AA1C6141-5D7E-4303-AC81-AF36095928F1}.Release|Any CPU.Deploy.0 = Production
	EndGlobalSection
	GlobalSection(SolutionProperties) = preSolution
		HideSolutionNode = FALSE
	EndGlobalSection
EndGlobal
